
Microsoft Visual Studio Solution File, Format Version 12.00
# Visual Studio 2015
Project("{FAE04EC0-301F-11D3-BF4B-00C04F79EFBC}") = "Plastico Shibaq.Plugins", "Plastico Shibaq.Plugins.csproj", "{23C61EA4-FA94-3BCF-B218-B00218200506}"
EndProject
Project("{FAE04EC0-301F-11D3-BF4B-00C04F79EFBC}") = "Plastico Shibaq", "Plastico Shibaq.csproj", "{0B8FF6D7-D7E2-72D2-E696-70241F2C422E}"
EndProject
Project("{FAE04EC0-301F-11D3-BF4B-00C04F79EFBC}") = "Plastico Shibaq.Editor.Plugins", "Plastico Shibaq.Editor.Plugins.csproj", "{1B93121C-5829-13B9-EA6F-531E4CAEF713}"
EndProject
Global
	GlobalSection(SolutionConfigurationPlatforms) = preSolution
		Debug|Any CPU = Debug|Any CPU
		Release|Any CPU = Release|Any CPU
	EndGlobalSection
	GlobalSection(ProjectConfigurationPlatforms) = postSolution
		{23C61EA4-FA94-3BCF-B218-B00218200506}.Debug|Any CPU.ActiveCfg = Debug|Any CPU
		{23C61EA4-FA94-3BCF-B218-B00218200506}.Debug|Any CPU.Build.0 = Debug|Any CPU
		{23C61EA4-FA94-3BCF-B218-B00218200506}.Release|Any CPU.ActiveCfg = Release|Any CPU
		{23C61EA4-FA94-3BCF-B218-B00218200506}.Release|Any CPU.Build.0 = Release|Any CPU
		{0B8FF6D7-D7E2-72D2-E696-70241F2C422E}.Debug|Any CPU.ActiveCfg = Debug|Any CPU
		{0B8FF6D7-D7E2-72D2-E696-70241F2C422E}.Debug|Any CPU.Build.0 = Debug|Any CPU
		{0B8FF6D7-D7E2-72D2-E696-70241F2C422E}.Release|Any CPU.ActiveCfg = Release|Any CPU
		{0B8FF6D7-D7E2-72D2-E696-70241F2C422E}.Release|Any CPU.Build.0 = Release|Any CPU
		{1B93121C-5829-13B9-EA6F-531E4CAEF713}.Debug|Any CPU.ActiveCfg = Debug|Any CPU
		{1B93121C-5829-13B9-EA6F-531E4CAEF713}.Debug|Any CPU.Build.0 = Debug|Any CPU
		{1B93121C-5829-13B9-EA6F-531E4CAEF713}.Release|Any CPU.ActiveCfg = Release|Any CPU
		{1B93121C-5829-13B9-EA6F-531E4CAEF713}.Release|Any CPU.Build.0 = Release|Any CPU
	EndGlobalSection
	GlobalSection(SolutionProperties) = preSolution
		HideSolutionNode = FALSE
	EndGlobalSection
EndGlobal
